
Microsoft Visual Studio Solution File, Format Version 12.00
# Visual Studio 15
VisualStudioVersion = 15.0.28307.168
MinimumVisualStudioVersion = 10.0.40219.1
Project("{9A19103F-16F7-4668-BE54-9A1E7A4F7556}") = "devart-efcore-value-conversion-bug-repro", "devart-efcore-value-conversion-bug-repro.csproj", "{AC0184B8-822E-4593-9253-47FEB5E8C9AD}"
EndProject
Global
	GlobalSection(SolutionConfigurationPlatforms) = preSolution
		Debug|Any CPU = Debug|Any CPU
		Release|Any CPU = Release|Any CPU
	EndGlobalSection
	GlobalSection(ProjectConfigurationPlatforms) = postSolution
		{AC0184B8-822E-4593-9253-47FEB5E8C9AD}.Debug|Any CPU.ActiveCfg = Debug|Any CPU
		{AC0184B8-822E-4593-9253-47FEB5E8C9AD}.Debug|Any CPU.Build.0 = Debug|Any CPU
		{AC0184B8-822E-4593-9253-47FEB5E8C9AD}.Release|Any CPU.ActiveCfg = Release|Any CPU
		{AC0184B8-822E-4593-9253-47FEB5E8C9AD}.Release|Any CPU.Build.0 = Release|Any CPU
	EndGlobalSection
	GlobalSection(SolutionProperties) = preSolution
		HideSolutionNode = FALSE
	EndGlobalSection
	GlobalSection(ExtensibilityGlobals) = postSolution
		SolutionGuid = {9CCB1B99-4A5B-46BB-AD59-96E0B5417572}
	EndGlobalSection
EndGlobal
